// !$*UTF8*$!
{
	archiveVersion = 1;
	classes = {
	};
	objectVersion = 77;
	objects = {

/* Begin PBXContainerItemProxy section */
		6C87F9472DB2510600A42A7C /* PBXContainerItemProxy */ = {
			isa = PBXContainerItemProxy;
			containerPortal = 6C87F92C2DB2510500A42A7C /* Project object */;
			proxyType = 1;
			remoteGlobalIDString = 6C87F9332DB2510500A42A7C;
			remoteInfo = FunnyNews;
		};
		6C87F9512DB2510600A42A7C /* PBXContainerItemProxy */ = {
			isa = PBXContainerItemProxy;
			containerPortal = 6C87F92C2DB2510500A42A7C /* Project object */;
			proxyType = 1;
			remoteGlobalIDString = 6C87F9332DB2510500A42A7C;
			remoteInfo = FunnyNews;
		};
/* End PBXContainerItemProxy section */

/* Begin PBXFileReference section */
		6C87F9342DB2510500A42A7C /* FunnyNews.app */ = {isa = PBXFileReference; explicitFileType = wrapper.application; includeInIndex = 0; path = FunnyNews.app; sourceTree = BUILT_PRODUCTS_DIR; };
		6C87F9462DB2510600A42A7C /* FunnyNewsTests.xctest */ = {isa = PBXFileReference; explicitFileType = wrapper.cfbundle; includeInIndex = 0; path = FunnyNewsTests.xctest; sourceTree = BUILT_PRODUCTS_DIR; };
		6C87F9502DB2510600A42A7C /* FunnyNewsUITests.xctest */ = {isa = PBXFileReference; explicitFileType = wrapper.cfbundle; includeInIndex = 0; path = FunnyNewsUITests.xctest; sourceTree = BUILT_PRODUCTS_DIR; };
/* End PBXFileReference section */

/* Begin PBXFileSystemSynchronizedRootGroup section */
		6C87F9362DB2510500A42A7C /* FunnyNews */ = {
			isa = PBXFileSystemSynchronizedRootGroup;
			path = FunnyNews;
			sourceTree = "<group>";
		};
		6C87F9492DB2510600A42A7C /* FunnyNewsTests */ = {
			isa = PBXFileSystemSynchronizedRootGroup;
			path = FunnyNewsTests;
			sourceTree = "<group>";
		};
		6C87F9532DB2510600A42A7C /* FunnyNewsUITests */ = {
			isa = PBXFileSystemSynchronizedRootGroup;
			path = FunnyNewsUITests;
			sourceTree = "<group>";
		};
/* End PBXFileSystemSynchronizedRootGroup section */

/* Begin PBXFrameworksBuildPhase section */
		6C87F9312DB2510500A42A7C /* Frameworks */ = {
			isa = PBXFrameworksBuildPhase;
			buildActionMask = 2147483647;
			files = (
			);
			runOnlyForDeploymentPostprocessing = 0;
		};
		6C87F9432DB2510600A42A7C /* Frameworks */ = {
			isa = PBXFrameworksBuildPhase;
			buildActionMask = 2147483647;
			files = (
			);
			runOnlyForDeploymentPostprocessing = 0;
		};
		6C87F94D2DB2510600A42A7C /* Frameworks */ = {
			isa = PBXFrameworksBuildPhase;
			buildActionMask = 2147483647;
			files = (
			);
			runOnlyForDeploymentPostprocessing = 0;
		};
/* End PBXFrameworksBuildPhase section */

/* Begin PBXGroup section */
		6C87F92B2DB2510500A42A7C = {
			isa = PBXGroup;
			children = (
				6C87F9362DB2510500A42A7C /* FunnyNews */,
				6C87F9492DB2510600A42A7C /* FunnyNewsTests */,
				6C87F9532DB2510600A42A7C /* FunnyNewsUITests */,
				6C87F9352DB2510500A42A7C /* Products */,
			);
			sourceTree = "<group>";
		};
		6C87F9352DB2510500A42A7C /* Products */ = {
			isa = PBXGroup;
			children = (
				6C87F9342DB2510500A42A7C /* FunnyNews.app */,
				6C87F9462DB2510600A42A7C /* FunnyNewsTests.xctest */,
				6C87F9502DB2510600A42A7C /* FunnyNewsUITests.xctest */,
			);
			name = Products;
			sourceTree = "<group>";
		};
/* End PBXGroup section */

/* Begin PBXNativeTarget section */
		6C87F9332DB2510500A42A7C /* FunnyNews */ = {
			isa = PBXNativeTarget;
			buildConfigurationList = 6C87F95A2DB2510600A42A7C /* Build configuration list for PBXNativeTarget "FunnyNews" */;
			buildPhases = (
				6C87F9302DB2510500A42A7C /* Sources */,
				6C87F9312DB2510500A42A7C /* Frameworks */,
				6C87F9322DB2510500A42A7C /* Resources */,
			);
			buildRules = (
			);
			dependencies = (
			);
			fileSystemSynchronizedGroups = (
				6C87F9362DB2510500A42A7C /* FunnyNews */,
			);
			name = FunnyNews;
			packageProductDependencies = (
			);
			productName = FunnyNews;
			productReference = 6C87F9342DB2510500A42A7C /* FunnyNews.app */;
			productType = "com.apple.product-type.application";
		};
		6C87F9452DB2510600A42A7C /* FunnyNewsTests */ = {
			isa = PBXNativeTarget;
			buildConfigurationList = 6C87F95D2DB2510600A42A7C /* Build configuration list for PBXNativeTarget "FunnyNewsTests" */;
			buildPhases = (
				6C87F9422DB2510600A42A7C /* Sources */,
				6C87F9432DB2510600A42A7C /* Frameworks */,
				6C87F9442DB2510600A42A7C /* Resources */,
			);
			buildRules = (
			);
			dependencies = (
				6C87F9482DB2510600A42A7C /* PBXTargetDependency */,
			);
			fileSystemSynchronizedGroups = (
				6C87F9492DB2510600A42A7C /* FunnyNewsTests */,
			);
			name = FunnyNewsTests;
			packageProductDependencies = (
			);
			productName = FunnyNewsTests;
			productReference = 6C87F9462DB2510600A42A7C /* FunnyNewsTests.xctest */;
			productType = "com.apple.product-type.bundle.unit-test";
		};
		6C87F94F2DB2510600A42A7C /* FunnyNewsUITests */ = {
			isa = PBXNativeTarget;
			buildConfigurationList = 6C87F9602DB2510600A42A7C /* Build configuration list for PBXNativeTarget "FunnyNewsUITests" */;
			buildPhases = (
				6C87F94C2DB2510600A42A7C /* Sources */,
				6C87F94D2DB2510600A42A7C /* Frameworks */,
				6C87F94E2DB2510600A42A7C /* Resources */,
			);
			buildRules = (
			);
			dependencies = (
				6C87F9522DB2510600A42A7C /* PBXTargetDependency */,
			);
			fileSystemSynchronizedGroups = (
				6C87F9532DB2510600A42A7C /* FunnyNewsUITests */,
			);
			name = FunnyNewsUITests;
			packageProductDependencies = (
			);
			productName = FunnyNewsUITests;
			productReference = 6C87F9502DB2510600A42A7C /* FunnyNewsUITests.xctest */;
			productType = "com.apple.product-type.bundle.ui-testing";
		};
/* End PBXNativeTarget section */

/* Begin PBXProject section */
		6C87F92C2DB2510500A42A7C /* Project object */ = {
			isa = PBXProject;
			attributes = {
				BuildIndependentTargetsInParallel = 1;
				LastSwiftUpdateCheck = 1600;
				LastUpgradeCheck = 1600;
				TargetAttributes = {
					6C87F9332DB2510500A42A7C = {
						CreatedOnToolsVersion = 16.0;
					};
					6C87F9452DB2510600A42A7C = {
						CreatedOnToolsVersion = 16.0;
						TestTargetID = 6C87F9332DB2510500A42A7C;
					};
					6C87F94F2DB2510600A42A7C = {
						CreatedOnToolsVersion = 16.0;
						TestTargetID = 6C87F9332DB2510500A42A7C;
					};
				};
			};
			buildConfigurationList = 6C87F92F2DB2510500A42A7C /* Build configuration list for PBXProject "FunnyNews" */;
			developmentRegion = en;
			hasScannedForEncodings = 0;
			knownRegions = (
				en,
				Base,
			);
			mainGroup = 6C87F92B2DB2510500A42A7C;
			minimizedProjectReferenceProxies = 1;
			preferredProjectObjectVersion = 77;
			productRefGroup = 6C87F9352DB2510500A42A7C /* Products */;
			projectDirPath = "";
			projectRoot = "";
			targets = (
				6C87F9332DB2510500A42A7C /* FunnyNews */,
				6C87F9452DB2510600A42A7C /* FunnyNewsTests */,
				6C87F94F2DB2510600A42A7C /* FunnyNewsUITests */,
			);
		};
/* End PBXProject section */

/* Begin PBXResourcesBuildPhase section */
		6C87F9322DB2510500A42A7C /* Resources */ = {
			isa = PBXResourcesBuildPhase;
			buildActionMask = 2147483647;
			files = (
			);
			runOnlyForDeploymentPostprocessing = 0;
		};
		6C87F9442DB2510600A42A7C /* Resources */ = {
			isa = PBXResourcesBuildPhase;
			buildActionMask = 2147483647;
			files = (
			);
			runOnlyForDeploymentPostprocessing = 0;
		};
		6C87F94E2DB2510600A42A7C /* Resources */ = {
			isa = PBXResourcesBuildPhase;
			buildActionMask = 2147483647;
			files = (
			);
			runOnlyForDeploymentPostprocessing = 0;
		};
/* End PBXResourcesBuildPhase section */

/* Begin PBXSourcesBuildPhase section */
		6C87F9302DB2510500A42A7C /* Sources */ = {
			isa = PBXSourcesBuildPhase;
			buildActionMask = 2147483647;
			files = (
			);
			runOnlyForDeploymentPostprocessing = 0;
		};
		6C87F9422DB2510600A42A7C /* Sources */ = {
			isa = PBXSourcesBuildPhase;
			buildActionMask = 2147483647;
			files = (
			);
			runOnlyForDeploymentPostprocessing = 0;
		};
		6C87F94C2DB2510600A42A7C /* Sources */ = {
			isa = PBXSourcesBuildPhase;
			buildActionMask = 2147483647;
			files = (
			);
			runOnlyForDeploymentPostprocessing = 0;
		};
/* End PBXSourcesBuildPhase section */

/* Begin PBXTargetDependency section */
		6C87F9482DB2510600A42A7C /* PBXTargetDependency */ = {
			isa = PBXTargetDependency;
			target = 6C87F9332DB2510500A42A7C /* FunnyNews */;
			targetProxy = 6C87F9472DB2510600A42A7C /* PBXContainerItemProxy */;
		};
		6C87F9522DB2510600A42A7C /* PBXTargetDependency */ = {
			isa = PBXTargetDependency;
			target = 6C87F9332DB2510500A42A7C /* FunnyNews */;
			targetProxy = 6C87F9512DB2510600A42A7C /* PBXContainerItemProxy */;
		};
/* End PBXTargetDependency section */

/* Begin XCBuildConfiguration section */
		6C87F9582DB2510600A42A7C /* Debug */ = {
			isa = XCBuildConfiguration;
			buildSettings = {
				ALWAYS_SEARCH_USER_PATHS = NO;
				ASSETCATALOG_COMPILER_GENERATE_SWIFT_ASSET_SYMBOL_EXTENSIONS = YES;
				CLANG_ANALYZER_NONNULL = YES;
				CLANG_ANALYZER_NUMBER_OBJECT_CONVERSION = YES_AGGRESSIVE;
				CLANG_CXX_LANGUAGE_STANDARD = "gnu++20";
				CLANG_ENABLE_MODULES = YES;
				CLANG_ENABLE_OBJC_ARC = YES;
				CLANG_ENABLE_OBJC_WEAK = YES;
				CLANG_WARN_BLOCK_CAPTURE_AUTORELEASING = YES;
				CLANG_WARN_BOOL_CONVERSION = YES;
				CLANG_WARN_COMMA = YES;
				CLANG_WARN_CONSTANT_CONVERSION = YES;
				CLANG_WARN_DEPRECATED_OBJC_IMPLEMENTATIONS = YES;
				CLANG_WARN_DIRECT_OBJC_ISA_USAGE = YES_ERROR;
				CLANG_WARN_DOCUMENTATION_COMMENTS = YES;
				CLANG_WARN_EMPTY_BODY = YES;
				CLANG_WARN_ENUM_CONVERSION = YES;
				CLANG_WARN_INFINITE_RECURSION = YES;
				CLANG_WARN_INT_CONVERSION = YES;
				CLANG_WARN_NON_LITERAL_NULL_CONVERSION = YES;
				CLANG_WARN_OBJC_IMPLICIT_RETAIN_SELF = YES;
				CLANG_WARN_OBJC_LITERAL_CONVERSION = YES;
				CLANG_WARN_OBJC_ROOT_CLASS = YES_ERROR;
				CLANG_WARN_QUOTED_INCLUDE_IN_FRAMEWORK_HEADER = YES;
				CLANG_WARN_RANGE_LOOP_ANALYSIS = YES;
				CLANG_WARN_STRICT_PROTOTYPES = YES;
				CLANG_WARN_SUSPICIOUS_MOVE = YES;
				CLANG_WARN_UNGUARDED_AVAILABILITY = YES_AGGRESSIVE;
				CLANG_WARN_UNREACHABLE_CODE = YES;
				CLANG_WARN__DUPLICATE_METHOD_MATCH = YES;
				COPY_PHASE_STRIP = NO;
				DEBUG_INFORMATION_FORMAT = dwarf;
				ENABLE_STRICT_OBJC_MSGSEND = YES;
				ENABLE_TESTABILITY = YES;
				ENABLE_USER_SCRIPT_SANDBOXING = YES;
				GCC_C_LANGUAGE_STANDARD = gnu17;
				GCC_DYNAMIC_NO_PIC = NO;
				GCC_NO_COMMON_BLOCKS = YES;
				GCC_OPTIMIZATION_LEVEL = 0;
				GCC_PREPROCESSOR_DEFINITIONS = (
					"DEBUG=1",
					"$(inherited)",
				);
				GCC_WARN_64_TO_32_BIT_CONVERSION = YES;
				GCC_WARN_ABOUT_RETURN_TYPE = YES_ERROR;
				GCC_WARN_UNDECLARED_SELECTOR = YES;
				GCC_WARN_UNINITIALIZED_AUTOS = YES_AGGRESSIVE;
				GCC_WARN_UNUSED_FUNCTION = YES;
				GCC_WARN_UNUSED_VARIABLE = YES;
				IPHONEOS_DEPLOYMENT_TARGET = 18.0;
				LOCALIZATION_PREFERS_STRING_CATALOGS = YES;
				MTL_ENABLE_DEBUG_INFO = INCLUDE_SOURCE;
				MTL_FAST_MATH = YES;
				ONLY_ACTIVE_ARCH = YES;
				SDKROOT = iphoneos;
				SWIFT_ACTIVE_COMPILATION_CONDITIONS = "DEBUG $(inherited)";
				SWIFT_OPTIMIZATION_LEVEL = "-Onone";
			};
			name = Debug;
		};
		6C87F9592DB2510600A42A7C /* Release */ = {
			isa = XCBuildConfiguration;
			buildSettings = {
				ALWAYS_SEARCH_USER_PATHS = NO;
				ASSETCATALOG_COMPILER_GENERATE_SWIFT_ASSET_SYMBOL_EXTENSIONS = YES;
				CLANG_ANALYZER_NONNULL = YES;
				CLANG_ANALYZER_NUMBER_OBJECT_CONVERSION = YES_AGGRESSIVE;
				CLANG_CXX_LANGUAGE_STANDARD = "gnu++20";
				CLANG_ENABLE_MODULES = YES;
				CLANG_ENABLE_OBJC_ARC = YES;
				CLANG_ENABLE_OBJC_WEAK = YES;
				CLANG_WARN_BLOCK_CAPTURE_AUTORELEASING = YES;
				CLANG_WARN_BOOL_CONVERSION = YES;
				CLANG_WARN_COMMA = YES;
				CLANG_WARN_CONSTANT_CONVERSION = YES;
				CLANG_WARN_DEPRECATED_OBJC_IMPLEMENTATIONS = YES;
				CLANG_WARN_DIRECT_OBJC_ISA_USAGE = YES_ERROR;
				CLANG_WARN_DOCUMENTATION_COMMENTS = YES;
				CLANG_WARN_EMPTY_BODY = YES;
				CLANG_WARN_ENUM_CONVERSION = YES;
				CLANG_WARN_INFINITE_RECURSION = YES;
				CLANG_WARN_INT_CONVERSION = YES;
				CLANG_WARN_NON_LITERAL_NULL_CONVERSION = YES;
				CLANG_WARN_OBJC_IMPLICIT_RETAIN_SELF = YES;
				CLANG_WARN_OBJC_LITERAL_CONVERSION = YES;
				CLANG_WARN_OBJC_ROOT_CLASS = YES_ERROR;
				CLANG_WARN_QUOTED_INCLUDE_IN_FRAMEWORK_HEADER = YES;
				CLANG_WARN_RANGE_LOOP_ANALYSIS = YES;
				CLANG_WARN_STRICT_PROTOTYPES = YES;
				CLANG_WARN_SUSPICIOUS_MOVE = YES;
				CLANG_WARN_UNGUARDED_AVAILABILITY = YES_AGGRESSIVE;
				CLANG_WARN_UNREACHABLE_CODE = YES;
				CLANG_WARN__DUPLICATE_METHOD_MATCH = YES;
				COPY_PHASE_STRIP = NO;
				DEBUG_INFORMATION_FORMAT = "dwarf-with-dsym";
				ENABLE_NS_ASSERTIONS = NO;
				ENABLE_STRICT_OBJC_MSGSEND = YES;
				ENABLE_USER_SCRIPT_SANDBOXING = YES;
				GCC_C_LANGUAGE_STANDARD = gnu17;
				GCC_NO_COMMON_BLOCKS = YES;
				GCC_WARN_64_TO_32_BIT_CONVERSION = YES;
				GCC_WARN_ABOUT_RETURN_TYPE = YES_ERROR;
				GCC_WARN_UNDECLARED_SELECTOR = YES;
				GCC_WARN_UNINITIALIZED_AUTOS = YES_AGGRESSIVE;
				GCC_WARN_UNUSED_FUNCTION = YES;
				GCC_WARN_UNUSED_VARIABLE = YES;
				IPHONEOS_DEPLOYMENT_TARGET = 18.0;
				LOCALIZATION_PREFERS_STRING_CATALOGS = YES;
				MTL_ENABLE_DEBUG_INFO = NO;
				MTL_FAST_MATH = YES;
				SDKROOT = iphoneos;
				SWIFT_COMPILATION_MODE = wholemodule;
				VALIDATE_PRODUCT = YES;
			};
			name = Release;
		};
		6C87F95B2DB2510600A42A7C /* Debug */ = {
			isa = XCBuildConfiguration;
			buildSettings = {
				ASSETCATALOG_COMPILER_APPICON_NAME = AppIcon;
				ASSETCATALOG_COMPILER_GLOBAL_ACCENT_COLOR_NAME = AccentColor;
				CODE_SIGN_STYLE = Automatic;
				CURRENT_PROJECT_VERSION = 1;
				DEVELOPMENT_ASSET_PATHS = "\"FunnyNews/Preview Content\"";
				DEVELOPMENT_TEAM = SJM6GRJ299;
				ENABLE_PREVIEWS = YES;
				GENERATE_INFOPLIST_FILE = YES;
				INFOPLIST_KEY_UIApplicationSceneManifest_Generation = YES;
				INFOPLIST_KEY_UIApplicationSupportsIndirectInputEvents = YES;
				INFOPLIST_KEY_UILaunchScreen_Generation = YES;
				INFOPLIST_KEY_UISupportedInterfaceOrientations_iPad = "UIInterfaceOrientationPortrait UIInterfaceOrientationPortraitUpsideDown UIInterfaceOrientationLandscapeLeft UIInterfaceOrientationLandscapeRight";
				INFOPLIST_KEY_UISupportedInterfaceOrientations_iPhone = "UIInterfaceOrientationPortrait UIInterfaceOrientationLandscapeLeft UIInterfaceOrientationLandscapeRight";
				LD_RUNPATH_SEARCH_PATHS = (
					"$(inherited)",
					"@executable_path/Frameworks",
				);
				MARKETING_VERSION = 1.0;
				PRODUCT_BUNDLE_IDENTIFIER = jovins.cn.appclip.FunnyNews;
				PRODUCT_NAME = "$(TARGET_NAME)";
				SWIFT_EMIT_LOC_STRINGS = YES;
				SWIFT_VERSION = 5.0;
				TARGETED_DEVICE_FAMILY = "1,2";
			};
			name = Debug;
		};
		6C87F95C2DB2510600A42A7C /* Release */ = {
			isa = XCBuildConfiguration;
			buildSettings = {
				ASSETCATALOG_COMPILER_APPICON_NAME = AppIcon;
				ASSETCATALOG_COMPILER_GLOBAL_ACCENT_COLOR_NAME = AccentColor;
				CODE_SIGN_STYLE = Automatic;
				CURRENT_PROJECT_VERSION = 1;
				DEVELOPMENT_ASSET_PATHS = "\"FunnyNews/Preview Content\"";
				DEVELOPMENT_TEAM = SJM6GRJ299;
				ENABLE_PREVIEWS = YES;
				GENERATE_INFOPLIST_FILE = YES;
				INFOPLIST_KEY_UIApplicationSceneManifest_Generation = YES;
				INFOPLIST_KEY_UIApplicationSupportsIndirectInputEvents = YES;
				INFOPLIST_KEY_UILaunchScreen_Generation = YES;
				INFOPLIST_KEY_UISupportedInterfaceOrientations_iPad = "UIInterfaceOrientationPortrait UIInterfaceOrientationPortraitUpsideDown UIInterfaceOrientationLandscapeLeft UIInterfaceOrientationLandscapeRight";
				INFOPLIST_KEY_UISupportedInterfaceOrientations_iPhone = "UIInterfaceOrientationPortrait UIInterfaceOrientationLandscapeLeft UIInterfaceOrientationLandscapeRight";
				LD_RUNPATH_SEARCH_PATHS = (
					"$(inherited)",
					"@executable_path/Frameworks",
				);
				MARKETING_VERSION = 1.0;
				PRODUCT_BUNDLE_IDENTIFIER = jovins.cn.appclip.FunnyNews;
				PRODUCT_NAME = "$(TARGET_NAME)";
				SWIFT_EMIT_LOC_STRINGS = YES;
				SWIFT_VERSION = 5.0;
				TARGETED_DEVICE_FAMILY = "1,2";
			};
			name = Release;
		};
		6C87F95E2DB2510600A42A7C /* Debug */ = {
			isa = XCBuildConfiguration;
			buildSettings = {
				BUNDLE_LOADER = "$(TEST_HOST)";
				CODE_SIGN_STYLE = Automatic;
				CURRENT_PROJECT_VERSION = 1;
				DEVELOPMENT_TEAM = SJM6GRJ299;
				GENERATE_INFOPLIST_FILE = YES;
				IPHONEOS_DEPLOYMENT_TARGET = 18.0;
				MARKETING_VERSION = 1.0;
				PRODUCT_BUNDLE_IDENTIFIER = jovins.cn.appclip.FunnyNewsTests;
				PRODUCT_NAME = "$(TARGET_NAME)";
				SWIFT_EMIT_LOC_STRINGS = NO;
				SWIFT_VERSION = 5.0;
				TARGETED_DEVICE_FAMILY = "1,2";
				TEST_HOST = "$(BUILT_PRODUCTS_DIR)/FunnyNews.app/$(BUNDLE_EXECUTABLE_FOLDER_PATH)/FunnyNews";
			};
			name = Debug;
		};
		6C87F95F2DB2510600A42A7C /* Release */ = {
			isa = XCBuildConfiguration;
			buildSettings = {
				BUNDLE_LOADER = "$(TEST_HOST)";
				CODE_SIGN_STYLE = Automatic;
				CURRENT_PROJECT_VERSION = 1;
				DEVELOPMENT_TEAM = SJM6GRJ299;
				GENERATE_INFOPLIST_FILE = YES;
				IPHONEOS_DEPLOYMENT_TARGET = 18.0;
				MARKETING_VERSION = 1.0;
				PRODUCT_BUNDLE_IDENTIFIER = jovins.cn.appclip.FunnyNewsTests;
				PRODUCT_NAME = "$(TARGET_NAME)";
				SWIFT_EMIT_LOC_STRINGS = NO;
				SWIFT_VERSION = 5.0;
				TARGETED_DEVICE_FAMILY = "1,2";
				TEST_HOST = "$(BUILT_PRODUCTS_DIR)/FunnyNews.app/$(BUNDLE_EXECUTABLE_FOLDER_PATH)/FunnyNews";
			};
			name = Release;
		};
		6C87F9612DB2510600A42A7C /* Debug */ = {
			isa = XCBuildConfiguration;
			buildSettings = {
				CODE_SIGN_STYLE = Automatic;
				CURRENT_PROJECT_VERSION = 1;
				DEVELOPMENT_TEAM = SJM6GRJ299;
				GENERATE_INFOPLIST_FILE = YES;
				MARKETING_VERSION = 1.0;
				PRODUCT_BUNDLE_IDENTIFIER = jovins.cn.appclip.FunnyNewsUITests;
				PRODUCT_NAME = "$(TARGET_NAME)";
				SWIFT_EMIT_LOC_STRINGS = NO;
				SWIFT_VERSION = 5.0;
				TARGETED_DEVICE_FAMILY = "1,2";
				TEST_TARGET_NAME = FunnyNews;
			};
			name = Debug;
		};
		6C87F9622DB2510600A42A7C /* Release */ = {
			isa = XCBuildConfiguration;
			buildSettings = {
				CODE_SIGN_STYLE = Automatic;
				CURRENT_PROJECT_VERSION = 1;
				DEVELOPMENT_TEAM = SJM6GRJ299;
				GENERATE_INFOPLIST_FILE = YES;
				MARKETING_VERSION = 1.0;
				PRODUCT_BUNDLE_IDENTIFIER = jovins.cn.appclip.FunnyNewsUITests;
				PRODUCT_NAME = "$(TARGET_NAME)";
				SWIFT_EMIT_LOC_STRINGS = NO;
				SWIFT_VERSION = 5.0;
				TARGETED_DEVICE_FAMILY = "1,2";
				TEST_TARGET_NAME = FunnyNews;
			};
			name = Release;
		};
/* End XCBuildConfiguration section */

/* Begin XCConfigurationList section */
		6C87F92F2DB2510500A42A7C /* Build configuration list for PBXProject "FunnyNews" */ = {
			isa = XCConfigurationList;
			buildConfigurations = (
				6C87F9582DB2510600A42A7C /* Debug */,
				6C87F9592DB2510600A42A7C /* Release */,
			);
			defaultConfigurationIsVisible = 0;
			defaultConfigurationName = Release;
		};
		6C87F95A2DB2510600A42A7C /* Build configuration list for PBXNativeTarget "FunnyNews" */ = {
			isa = XCConfigurationList;
			buildConfigurations = (
				6C87F95B2DB2510600A42A7C /* Debug */,
				6C87F95C2DB2510600A42A7C /* Release */,
			);
			defaultConfigurationIsVisible = 0;
			defaultConfigurationName = Release;
		};
		6C87F95D2DB2510600A42A7C /* Build configuration list for PBXNativeTarget "FunnyNewsTests" */ = {
			isa = XCConfigurationList;
			buildConfigurations = (
				6C87F95E2DB2510600A42A7C /* Debug */,
				6C87F95F2DB2510600A42A7C /* Release */,
			);
			defaultConfigurationIsVisible = 0;
			defaultConfigurationName = Release;
		};
		6C87F9602DB2510600A42A7C /* Build configuration list for PBXNativeTarget "FunnyNewsUITests" */ = {
			isa = XCConfigurationList;
			buildConfigurations = (
				6C87F9612DB2510600A42A7C /* Debug */,
				6C87F9622DB2510600A42A7C /* Release */,
			);
			defaultConfigurationIsVisible = 0;
			defaultConfigurationName = Release;
		};
/* End XCConfigurationList section */
	};
	rootObject = 6C87F92C2DB2510500A42A7C /* Project object */;
}
